
Microsoft Visual Studio Solution File, Format Version 12.00
# Visual Studio 15
VisualStudioVersion = 15.0.27130.2010
MinimumVisualStudioVersion = 10.0.40219.1
Project("{FAE04EC0-301F-11D3-BF4B-00C04F79EFBC}") = "PPGColle-CollectorHost", "PPGColle-CollectorHost.csproj", "{5214E79A-E677-45D7-BFF9-2510D993D9DD}"
EndProject
Global
	GlobalSection(SolutionConfigurationPlatforms) = preSolution
		Debug|Any CPU = Debug|Any CPU
		Release|Any CPU = Release|Any CPU
	EndGlobalSection
	GlobalSection(ProjectConfigurationPlatforms) = postSolution
		{5214E79A-E677-45D7-BFF9-2510D993D9DD}.Debug|Any CPU.ActiveCfg = Debug|Any CPU
		{5214E79A-E677-45D7-BFF9-2510D993D9DD}.Debug|Any CPU.Build.0 = Debug|Any CPU
		{5214E79A-E677-45D7-BFF9-2510D993D9DD}.Release|Any CPU.ActiveCfg = Release|Any CPU
		{5214E79A-E677-45D7-BFF9-2510D993D9DD}.Release|Any CPU.Build.0 = Release|Any CPU
	EndGlobalSection
	GlobalSection(SolutionProperties) = preSolution
		HideSolutionNode = FALSE
	EndGlobalSection
	GlobalSection(ExtensibilityGlobals) = postSolution
		SolutionGuid = {2BD33788-052F-40CF-BB51-47DC7056B4C9}
	EndGlobalSection
EndGlobal
